{
  "version": 4,
  "terraform_version": "1.14.8",
  "serial": 130,
  "lineage": "b671f570-2d75-5224-530c-d502506461c1",
  "outputs": {
    "vm_ssh_commands": {
      "value": {
        "app1": "ssh azureuser@20.219.25.4",
        "web1": "ssh azureuser@20.198.64.160"
      },
      "type": [
        "object",
        {
          "app1": "string",
          "web1": "string"
        }
      ]
    }
  },
  "resources": [
    {
      "mode": "managed",
      "type": "azurerm_linux_virtual_machine",
      "name": "main",
      "provider": "provider[\"registry.terraform.io/hashicorp/azurerm\"]",
      "instances": [
        {
          "index_key": "app1",
          "schema_version": 0,
          "attributes": {
            "additional_capabilities": [],
            "admin_password": null,
            "admin_ssh_key": [
              {
                "public_key": "ssh-rsa AAAAB3NzaC1yc2EAAAADAQABAAACAQCv6hPgP9N8ysjs3MfZkALSQCl3udJdDcdgNT7X6nTHgImf5bMvUwwaNZV6ML5Gub7HTaWA99bUY3i2Z4xbqllGkmfa75+jw7ZvtvLr2N9bKsJ0gs44YTxEKslzJ1Qp6PlbiudXuxtA6IkOwUyn5jDtezcGOZ95hNeAaO4qc9n+0pyqt+CcOeS9MD0VvRIszuGYhHe3kzVMMWWBSCXFSEjudD62grm7W2BcPwE0sGkLoejaEMMtEGTgdpGReISEFRibhDr7UvI3ePDsn5c5iQcI9KI54m6cr5UW9Tb096yJiSB8eISKtMzeW3cPecEF6YkRYfnKtbcwxTJsbkeqFGA2nQvO9ky5uDxFNB7o4x4SdxC18KylPvbOQ+ZSo8oB0QkEPs22U/OPQDuu8f+Fv1YygLKKJDVZ0rmGk3WDJgIFkH/FOYzyhT6PR6FqujNx3trUBFqHYvNln0RKtOSBMEyVDiSj/uGnwUk3fNmmmCjiM7dagYBeVOZ81QMVvM7KpYFg23JS6I9tXnQHXAf/KgiOC8Omw9nzN09vVeRYaIUvRJkticdOAjImrwIzfeqnJQ/DYtEJ5Z4N5o0LqqzwROh27Q32HrtMUqRIXc8mk4FmHuvM4SIT2zunnOR/lOtuQ2PdbKUIQU0hIlhCvR657eKkc/Rh+sLXPH5zh8QElwMHiw== miracle@Orji\n",
                "username": "azureuser"
              }
            ],
            "admin_username": "azureuser",
            "allow_extension_operations": true,
            "availability_set_id": "",
            "boot_diagnostics": [],
            "bypass_platform_safety_checks_on_user_schedule_enabled": false,
            "capacity_reservation_group_id": "",
            "computer_name": "app1",
            "custom_data": null,
            "dedicated_host_group_id": "",
            "dedicated_host_id": "",
            "disable_password_authentication": true,
            "disk_controller_type": "SCSI",
            "edge_zone": "",
            "encryption_at_host_enabled": false,
            "eviction_policy": "",
            "extensions_time_budget": "PT1H30M",
            "gallery_application": [],
            "id": "/subscriptions/ee293b80-f99f-4e3a-9feb-e180635ebaa5/resourceGroups/rg-ansible-lab/providers/Microsoft.Compute/virtualMachines/app1",
            "identity": [],
            "license_type": "",
            "location": "centralindia",
            "max_bid_price": -1,
            "name": "app1",
            "network_interface_ids": [
              "/subscriptions/ee293b80-f99f-4e3a-9feb-e180635ebaa5/resourceGroups/rg-ansible-lab/providers/Microsoft.Network/networkInterfaces/app1-nic"
            ],
            "os_disk": [
              {
                "caching": "ReadWrite",
                "diff_disk_settings": [],
                "disk_encryption_set_id": "",
                "disk_size_gb": 30,
                "name": "app1_OsDisk_1_5a2d921a64c64d56ba61cd29c218060c",
                "secure_vm_disk_encryption_set_id": "",
                "security_encryption_type": "",
                "storage_account_type": "Standard_LRS",
                "write_accelerator_enabled": false
              }
            ],
            "os_image_notification": [],
            "patch_assessment_mode": "ImageDefault",
            "patch_mode": "ImageDefault",
            "plan": [],
            "platform_fault_domain": -1,
            "priority": "Regular",
            "private_ip_address": "10.0.1.4",
            "private_ip_addresses": [
              "10.0.1.4"
            ],
            "provision_vm_agent": true,
            "proximity_placement_group_id": "",
            "public_ip_address": "20.219.25.4",
            "public_ip_addresses": [
              "20.219.25.4"
            ],
            "reboot_setting": "",
            "resource_group_name": "rg-ansible-lab",
            "secret": [],
            "secure_boot_enabled": false,
            "size": "Standard_B2ts_v2",
            "source_image_id": "",
            "source_image_reference": [
              {
                "offer": "0001-com-ubuntu-server-jammy",
                "publisher": "Canonical",
                "sku": "22_04-lts-gen2",
                "version": "latest"
              }
            ],
            "tags": null,
            "termination_notification": null,
            "timeouts": null,
            "user_data": "",
            "virtual_machine_id": "75438267-879f-4a41-be89-7cd76521d98d",
            "virtual_machine_scale_set_id": "",
            "vm_agent_platform_updates_enabled": false,
            "vtpm_enabled": false,
            "zone": ""
          },
          "sensitive_attributes": [
            [
              {
                "type": "get_attr",
                "value": "admin_password"
              }
            ],
            [
              {
                "type": "get_attr",
                "value": "custom_data"
              }
            ]
          ],
          "identity_schema_version": 0,
          "private": "eyJlMmJmYjczMC1lY2FhLTExZTYtOGY4OC0zNDM2M2JjN2M0YzAiOnsiY3JlYXRlIjoyNzAwMDAwMDAwMDAwLCJkZWxldGUiOjI3MDAwMDAwMDAwMDAsInJlYWQiOjMwMDAwMDAwMDAwMCwidXBkYXRlIjoyNzAwMDAwMDAwMDAwfX0=",
          "dependencies": [
            "azurerm_network_interface.nic",
            "azurerm_public_ip.pip",
            "azurerm_resource_group.example",
            "azurerm_subnet.subnet",
            "azurerm_virtual_network.example"
          ]
        },
        {
          "index_key": "web1",
          "schema_version": 0,
          "attributes": {
            "additional_capabilities": [],
            "admin_password": null,
            "admin_ssh_key": [
              {
                "public_key": "ssh-rsa AAAAB3NzaC1yc2EAAAADAQABAAACAQCv6hPgP9N8ysjs3MfZkALSQCl3udJdDcdgNT7X6nTHgImf5bMvUwwaNZV6ML5Gub7HTaWA99bUY3i2Z4xbqllGkmfa75+jw7ZvtvLr2N9bKsJ0gs44YTxEKslzJ1Qp6PlbiudXuxtA6IkOwUyn5jDtezcGOZ95hNeAaO4qc9n+0pyqt+CcOeS9MD0VvRIszuGYhHe3kzVMMWWBSCXFSEjudD62grm7W2BcPwE0sGkLoejaEMMtEGTgdpGReISEFRibhDr7UvI3ePDsn5c5iQcI9KI54m6cr5UW9Tb096yJiSB8eISKtMzeW3cPecEF6YkRYfnKtbcwxTJsbkeqFGA2nQvO9ky5uDxFNB7o4x4SdxC18KylPvbOQ+ZSo8oB0QkEPs22U/OPQDuu8f+Fv1YygLKKJDVZ0rmGk3WDJgIFkH/FOYzyhT6PR6FqujNx3trUBFqHYvNln0RKtOSBMEyVDiSj/uGnwUk3fNmmmCjiM7dagYBeVOZ81QMVvM7KpYFg23JS6I9tXnQHXAf/KgiOC8Omw9nzN09vVeRYaIUvRJkticdOAjImrwIzfeqnJQ/DYtEJ5Z4N5o0LqqzwROh27Q32HrtMUqRIXc8mk4FmHuvM4SIT2zunnOR/lOtuQ2PdbKUIQU0hIlhCvR657eKkc/Rh+sLXPH5zh8QElwMHiw== miracle@Orji\n",
                "username": "azureuser"
              }
            ],
            "admin_username": "azureuser",
            "allow_extension_operations": true,
            "availability_set_id": "",
            "boot_diagnostics": [],
            "bypass_platform_safety_checks_on_user_schedule_enabled": false,
            "capacity_reservation_group_id": "",
            "computer_name": "web1",
            "custom_data": null,
            "dedicated_host_group_id": "",
            "dedicated_host_id": "",
            "disable_password_authentication": true,
            "disk_controller_type": "SCSI",
            "edge_zone": "",
            "encryption_at_host_enabled": false,
            "eviction_policy": "",
            "extensions_time_budget": "PT1H30M",
            "gallery_application": [],
            "id": "/subscriptions/ee293b80-f99f-4e3a-9feb-e180635ebaa5/resourceGroups/rg-ansible-lab/providers/Microsoft.Compute/virtualMachines/web1",
            "identity": [],
            "license_type": "",
            "location": "centralindia",
            "max_bid_price": -1,
            "name": "web1",
            "network_interface_ids": [
              "/subscriptions/ee293b80-f99f-4e3a-9feb-e180635ebaa5/resourceGroups/rg-ansible-lab/providers/Microsoft.Network/networkInterfaces/web1-nic"
            ],
            "os_disk": [
              {
                "caching": "ReadWrite",
                "diff_disk_settings": [],
                "disk_encryption_set_id": "",
                "disk_size_gb": 30,
                "name": "web1_OsDisk_1_ef07704e373a4359b727a3ff2c924d22",
                "secure_vm_disk_encryption_set_id": "",
                "security_encryption_type": "",
                "storage_account_type": "Standard_LRS",
                "write_accelerator_enabled": false
              }
            ],
            "os_image_notification": [],
            "patch_assessment_mode": "ImageDefault",
            "patch_mode": "ImageDefault",
            "plan": [],
            "platform_fault_domain": -1,
            "priority": "Regular",
            "private_ip_address": "10.0.1.5",
            "private_ip_addresses": [
              "10.0.1.5"
            ],
            "provision_vm_agent": true,
            "proximity_placement_group_id": "",
            "public_ip_address": "20.198.64.160",
            "public_ip_addresses": [
              "20.198.64.160"
            ],
            "reboot_setting": "",
            "resource_group_name": "rg-ansible-lab",
            "secret": [],
            "secure_boot_enabled": false,
            "size": "Standard_B2ts_v2",
            "source_image_id": "",
            "source_image_reference": [
              {
                "offer": "0001-com-ubuntu-server-jammy",
                "publisher": "Canonical",
                "sku": "22_04-lts-gen2",
                "version": "latest"
              }
            ],
            "tags": null,
            "termination_notification": null,
            "timeouts": null,
            "user_data": "",
            "virtual_machine_id": "97cc6d8a-e27d-4203-b01e-719c9e5f3bed",
            "virtual_machine_scale_set_id": "",
            "vm_agent_platform_updates_enabled": false,
            "vtpm_enabled": false,
            "zone": ""
          },
          "sensitive_attributes": [
            [
              {
                "type": "get_attr",
                "value": "admin_password"
              }
            ],
            [
              {
                "type": "get_attr",
                "value": "custom_data"
              }
            ]
          ],
          "identity_schema_version": 0,
          "private": "eyJlMmJmYjczMC1lY2FhLTExZTYtOGY4OC0zNDM2M2JjN2M0YzAiOnsiY3JlYXRlIjoyNzAwMDAwMDAwMDAwLCJkZWxldGUiOjI3MDAwMDAwMDAwMDAsInJlYWQiOjMwMDAwMDAwMDAwMCwidXBkYXRlIjoyNzAwMDAwMDAwMDAwfX0=",
          "dependencies": [
            "azurerm_network_interface.nic",
            "azurerm_public_ip.pip",
            "azurerm_resource_group.example",
            "azurerm_subnet.subnet",
            "azurerm_virtual_network.example"
          ]
        }
      ]
    },
    {
      "mode": "managed",
      "type": "azurerm_network_interface",
      "name": "nic",
      "provider": "provider[\"registry.terraform.io/hashicorp/azurerm\"]",
      "instances": [
        {
          "index_key": "app1",
          "schema_version": 0,
          "attributes": {
            "accelerated_networking_enabled": false,
            "applied_dns_servers": [],
            "auxiliary_mode": "",
            "auxiliary_sku": "",
            "dns_servers": [],
            "edge_zone": "",
            "enable_accelerated_networking": false,
            "enable_ip_forwarding": false,
            "id": "/subscriptions/ee293b80-f99f-4e3a-9feb-e180635ebaa5/resourceGroups/rg-ansible-lab/providers/Microsoft.Network/networkInterfaces/app1-nic",
            "internal_dns_name_label": "",
            "internal_domain_name_suffix": "tp4vn4wuq4tu3jc4bygxrqtxwa.rx.internal.cloudapp.net",
            "ip_configuration": [
              {
                "gateway_load_balancer_frontend_ip_configuration_id": "",
                "name": "ipconfig",
                "primary": true,
                "private_ip_address": "10.0.1.4",
                "private_ip_address_allocation": "Dynamic",
                "private_ip_address_version": "IPv4",
                "public_ip_address_id": "/subscriptions/ee293b80-f99f-4e3a-9feb-e180635ebaa5/resourceGroups/rg-ansible-lab/providers/Microsoft.Network/publicIPAddresses/app1-pip",
                "subnet_id": "/subscriptions/ee293b80-f99f-4e3a-9feb-e180635ebaa5/resourceGroups/rg-ansible-lab/providers/Microsoft.Network/virtualNetworks/example-network/subnets/subnet1"
              }
            ],
            "ip_forwarding_enabled": false,
            "location": "centralindia",
            "mac_address": "",
            "name": "app1-nic",
            "private_ip_address": "10.0.1.4",
            "private_ip_addresses": [
              "10.0.1.4"
            ],
            "resource_group_name": "rg-ansible-lab",
            "tags": null,
            "timeouts": null,
            "virtual_machine_id": ""
          },
          "sensitive_attributes": [],
          "identity_schema_version": 0,
          "private": "eyJlMmJmYjczMC1lY2FhLTExZTYtOGY4OC0zNDM2M2JjN2M0YzAiOnsiY3JlYXRlIjoxODAwMDAwMDAwMDAwLCJkZWxldGUiOjE4MDAwMDAwMDAwMDAsInJlYWQiOjMwMDAwMDAwMDAwMCwidXBkYXRlIjoxODAwMDAwMDAwMDAwfX0=",
          "dependencies": [
            "azurerm_public_ip.pip",
            "azurerm_resource_group.example",
            "azurerm_subnet.subnet",
            "azurerm_virtual_network.example"
          ]
        },
        {
          "index_key": "web1",
          "schema_version": 0,
          "attributes": {
            "accelerated_networking_enabled": false,
            "applied_dns_servers": [],
            "auxiliary_mode": "",
            "auxiliary_sku": "",
            "dns_servers": [],
            "edge_zone": "",
            "enable_accelerated_networking": false,
            "enable_ip_forwarding": false,
            "id": "/subscriptions/ee293b80-f99f-4e3a-9feb-e180635ebaa5/resourceGroups/rg-ansible-lab/providers/Microsoft.Network/networkInterfaces/web1-nic",
            "internal_dns_name_label": "",
            "internal_domain_name_suffix": "tp4vn4wuq4tu3jc4bygxrqtxwa.rx.internal.cloudapp.net",
            "ip_configuration": [
              {
                "gateway_load_balancer_frontend_ip_configuration_id": "",
                "name": "ipconfig",
                "primary": true,
                "private_ip_address": "10.0.1.5",
                "private_ip_address_allocation": "Dynamic",
                "private_ip_address_version": "IPv4",
                "public_ip_address_id": "/subscriptions/ee293b80-f99f-4e3a-9feb-e180635ebaa5/resourceGroups/rg-ansible-lab/providers/Microsoft.Network/publicIPAddresses/web1-pip",
                "subnet_id": "/subscriptions/ee293b80-f99f-4e3a-9feb-e180635ebaa5/resourceGroups/rg-ansible-lab/providers/Microsoft.Network/virtualNetworks/example-network/subnets/subnet1"
              }
            ],
            "ip_forwarding_enabled": false,
            "location": "centralindia",
            "mac_address": "",
            "name": "web1-nic",
            "private_ip_address": "10.0.1.5",
            "private_ip_addresses": [
              "10.0.1.5"
            ],
            "resource_group_name": "rg-ansible-lab",
            "tags": null,
            "timeouts": null,
            "virtual_machine_id": ""
          },
          "sensitive_attributes": [],
          "identity_schema_version": 0,
          "private": "eyJlMmJmYjczMC1lY2FhLTExZTYtOGY4OC0zNDM2M2JjN2M0YzAiOnsiY3JlYXRlIjoxODAwMDAwMDAwMDAwLCJkZWxldGUiOjE4MDAwMDAwMDAwMDAsInJlYWQiOjMwMDAwMDAwMDAwMCwidXBkYXRlIjoxODAwMDAwMDAwMDAwfX0=",
          "dependencies": [
            "azurerm_public_ip.pip",
            "azurerm_resource_group.example",
            "azurerm_subnet.subnet",
            "azurerm_virtual_network.example"
          ]
        }
      ]
    },
    {
      "mode": "managed",
      "type": "azurerm_network_interface_security_group_association",
      "name": "ngsoc",
      "provider": "provider[\"registry.terraform.io/hashicorp/azurerm\"]",
      "instances": [
        {
          "index_key": "app1",
          "schema_version": 0,
          "attributes": {
            "id": "/subscriptions/ee293b80-f99f-4e3a-9feb-e180635ebaa5/resourceGroups/rg-ansible-lab/providers/Microsoft.Network/networkInterfaces/app1-nic|/subscriptions/ee293b80-f99f-4e3a-9feb-e180635ebaa5/resourceGroups/rg-ansible-lab/providers/Microsoft.Network/networkSecurityGroups/ansibledemo-nsg",
            "network_interface_id": "/subscriptions/ee293b80-f99f-4e3a-9feb-e180635ebaa5/resourceGroups/rg-ansible-lab/providers/Microsoft.Network/networkInterfaces/app1-nic",
            "network_security_group_id": "/subscriptions/ee293b80-f99f-4e3a-9feb-e180635ebaa5/resourceGroups/rg-ansible-lab/providers/Microsoft.Network/networkSecurityGroups/ansibledemo-nsg",
            "timeouts": null
          },
          "sensitive_attributes": [],
          "identity_schema_version": 0,
          "private": "eyJlMmJmYjczMC1lY2FhLTExZTYtOGY4OC0zNDM2M2JjN2M0YzAiOnsiY3JlYXRlIjoxODAwMDAwMDAwMDAwLCJkZWxldGUiOjE4MDAwMDAwMDAwMDAsInJlYWQiOjMwMDAwMDAwMDAwMH19",
          "dependencies": [
            "azurerm_network_interface.nic",
            "azurerm_network_security_group.example",
            "azurerm_public_ip.pip",
            "azurerm_resource_group.example",
            "azurerm_subnet.subnet",
            "azurerm_virtual_network.example"
          ]
        },
        {
          "index_key": "web1",
          "schema_version": 0,
          "attributes": {
            "id": "/subscriptions/ee293b80-f99f-4e3a-9feb-e180635ebaa5/resourceGroups/rg-ansible-lab/providers/Microsoft.Network/networkInterfaces/web1-nic|/subscriptions/ee293b80-f99f-4e3a-9feb-e180635ebaa5/resourceGroups/rg-ansible-lab/providers/Microsoft.Network/networkSecurityGroups/ansibledemo-nsg",
            "network_interface_id": "/subscriptions/ee293b80-f99f-4e3a-9feb-e180635ebaa5/resourceGroups/rg-ansible-lab/providers/Microsoft.Network/networkInterfaces/web1-nic",
            "network_security_group_id": "/subscriptions/ee293b80-f99f-4e3a-9feb-e180635ebaa5/resourceGroups/rg-ansible-lab/providers/Microsoft.Network/networkSecurityGroups/ansibledemo-nsg",
            "timeouts": null
          },
          "sensitive_attributes": [],
          "identity_schema_version": 0,
          "private": "eyJlMmJmYjczMC1lY2FhLTExZTYtOGY4OC0zNDM2M2JjN2M0YzAiOnsiY3JlYXRlIjoxODAwMDAwMDAwMDAwLCJkZWxldGUiOjE4MDAwMDAwMDAwMDAsInJlYWQiOjMwMDAwMDAwMDAwMH19",
          "dependencies": [
            "azurerm_network_interface.nic",
            "azurerm_network_security_group.example",
            "azurerm_public_ip.pip",
            "azurerm_resource_group.example",
            "azurerm_subnet.subnet",
            "azurerm_virtual_network.example"
          ]
        }
      ]
    },
    {
      "mode": "managed",
      "type": "azurerm_network_security_group",
      "name": "example",
      "provider": "provider[\"registry.terraform.io/hashicorp/azurerm\"]",
      "instances": [
        {
          "schema_version": 0,
          "attributes": {
            "id": "/subscriptions/ee293b80-f99f-4e3a-9feb-e180635ebaa5/resourceGroups/rg-ansible-lab/providers/Microsoft.Network/networkSecurityGroups/ansibledemo-nsg",
            "location": "centralindia",
            "name": "ansibledemo-nsg",
            "resource_group_name": "rg-ansible-lab",
            "security_rule": [
              {
                "access": "Allow",
                "description": "",
                "destination_address_prefix": "*",
                "destination_address_prefixes": [],
                "destination_application_security_group_ids": [],
                "destination_port_range": "22",
                "destination_port_ranges": [],
                "direction": "Inbound",
                "name": "Allow-ssh",
                "priority": 100,
                "protocol": "Tcp",
                "source_address_prefix": "*",
                "source_address_prefixes": [],
                "source_application_security_group_ids": [],
                "source_port_range": "*",
                "source_port_ranges": []
              },
              {
                "access": "Allow",
                "description": "",
                "destination_address_prefix": "*",
                "destination_address_prefixes": [],
                "destination_application_security_group_ids": [],
                "destination_port_range": "80",
                "destination_port_ranges": [],
                "direction": "Inbound",
                "name": "Allow-http",
                "priority": 101,
                "protocol": "Tcp",
                "source_address_prefix": "*",
                "source_address_prefixes": [],
                "source_application_security_group_ids": [],
                "source_port_range": "*",
                "source_port_ranges": []
              }
            ],
            "tags": {
              "environment": "Ansible"
            },
            "timeouts": null
          },
          "sensitive_attributes": [],
          "identity_schema_version": 0,
          "private": "eyJlMmJmYjczMC1lY2FhLTExZTYtOGY4OC0zNDM2M2JjN2M0YzAiOnsiY3JlYXRlIjoxODAwMDAwMDAwMDAwLCJkZWxldGUiOjE4MDAwMDAwMDAwMDAsInJlYWQiOjMwMDAwMDAwMDAwMCwidXBkYXRlIjoxODAwMDAwMDAwMDAwfX0=",
          "dependencies": [
            "azurerm_resource_group.example"
          ]
        }
      ]
    },
    {
      "mode": "managed",
      "type": "azurerm_public_ip",
      "name": "pip",
      "provider": "provider[\"registry.terraform.io/hashicorp/azurerm\"]",
      "instances": [
        {
          "index_key": "app1",
          "schema_version": 0,
          "attributes": {
            "allocation_method": "Static",
            "ddos_protection_mode": "VirtualNetworkInherited",
            "ddos_protection_plan_id": null,
            "domain_name_label": null,
            "edge_zone": "",
            "fqdn": null,
            "id": "/subscriptions/ee293b80-f99f-4e3a-9feb-e180635ebaa5/resourceGroups/rg-ansible-lab/providers/Microsoft.Network/publicIPAddresses/app1-pip",
            "idle_timeout_in_minutes": 4,
            "ip_address": "20.219.25.4",
            "ip_tags": null,
            "ip_version": "IPv4",
            "location": "centralindia",
            "name": "app1-pip",
            "public_ip_prefix_id": null,
            "resource_group_name": "rg-ansible-lab",
            "reverse_fqdn": null,
            "sku": "Standard",
            "sku_tier": "Regional",
            "tags": null,
            "timeouts": null,
            "zones": null
          },
          "sensitive_attributes": [],
          "identity_schema_version": 0,
          "private": "eyJlMmJmYjczMC1lY2FhLTExZTYtOGY4OC0zNDM2M2JjN2M0YzAiOnsiY3JlYXRlIjoxODAwMDAwMDAwMDAwLCJkZWxldGUiOjE4MDAwMDAwMDAwMDAsInJlYWQiOjMwMDAwMDAwMDAwMCwidXBkYXRlIjoxODAwMDAwMDAwMDAwfX0=",
          "dependencies": [
            "azurerm_resource_group.example"
          ]
        },
        {
          "index_key": "web1",
          "schema_version": 0,
          "attributes": {
            "allocation_method": "Static",
            "ddos_protection_mode": "VirtualNetworkInherited",
            "ddos_protection_plan_id": null,
            "domain_name_label": null,
            "edge_zone": "",
            "fqdn": null,
            "id": "/subscriptions/ee293b80-f99f-4e3a-9feb-e180635ebaa5/resourceGroups/rg-ansible-lab/providers/Microsoft.Network/publicIPAddresses/web1-pip",
            "idle_timeout_in_minutes": 4,
            "ip_address": "20.198.64.160",
            "ip_tags": null,
            "ip_version": "IPv4",
            "location": "centralindia",
            "name": "web1-pip",
            "public_ip_prefix_id": null,
            "resource_group_name": "rg-ansible-lab",
            "reverse_fqdn": null,
            "sku": "Standard",
            "sku_tier": "Regional",
            "tags": null,
            "timeouts": null,
            "zones": null
          },
          "sensitive_attributes": [],
          "identity_schema_version": 0,
          "private": "eyJlMmJmYjczMC1lY2FhLTExZTYtOGY4OC0zNDM2M2JjN2M0YzAiOnsiY3JlYXRlIjoxODAwMDAwMDAwMDAwLCJkZWxldGUiOjE4MDAwMDAwMDAwMDAsInJlYWQiOjMwMDAwMDAwMDAwMCwidXBkYXRlIjoxODAwMDAwMDAwMDAwfX0=",
          "dependencies": [
            "azurerm_resource_group.example"
          ]
        }
      ]
    },
    {
      "mode": "managed",
      "type": "azurerm_resource_group",
      "name": "example",
      "provider": "provider[\"registry.terraform.io/hashicorp/azurerm\"]",
      "instances": [
        {
          "schema_version": 0,
          "attributes": {
            "id": "/subscriptions/ee293b80-f99f-4e3a-9feb-e180635ebaa5/resourceGroups/rg-ansible-lab",
            "location": "centralindia",
            "managed_by": "",
            "name": "rg-ansible-lab",
            "tags": null,
            "timeouts": null
          },
          "sensitive_attributes": [],
          "identity_schema_version": 0,
          "private": "eyJlMmJmYjczMC1lY2FhLTExZTYtOGY4OC0zNDM2M2JjN2M0YzAiOnsiY3JlYXRlIjo1NDAwMDAwMDAwMDAwLCJkZWxldGUiOjU0MDAwMDAwMDAwMDAsInJlYWQiOjMwMDAwMDAwMDAwMCwidXBkYXRlIjo1NDAwMDAwMDAwMDAwfX0="
        }
      ]
    },
    {
      "mode": "managed",
      "type": "azurerm_subnet",
      "name": "subnet",
      "provider": "provider[\"registry.terraform.io/hashicorp/azurerm\"]",
      "instances": [
        {
          "schema_version": 0,
          "attributes": {
            "address_prefixes": [
              "10.0.1.0/24"
            ],
            "default_outbound_access_enabled": true,
            "delegation": [],
            "enforce_private_link_endpoint_network_policies": false,
            "enforce_private_link_service_network_policies": false,
            "id": "/subscriptions/ee293b80-f99f-4e3a-9feb-e180635ebaa5/resourceGroups/rg-ansible-lab/providers/Microsoft.Network/virtualNetworks/example-network/subnets/subnet1",
            "name": "subnet1",
            "private_endpoint_network_policies": "Enabled",
            "private_endpoint_network_policies_enabled": true,
            "private_link_service_network_policies_enabled": true,
            "resource_group_name": "rg-ansible-lab",
            "service_endpoint_policy_ids": null,
            "service_endpoints": null,
            "timeouts": null,
            "virtual_network_name": "example-network"
          },
          "sensitive_attributes": [],
          "identity_schema_version": 0,
          "private": "eyJlMmJmYjczMC1lY2FhLTExZTYtOGY4OC0zNDM2M2JjN2M0YzAiOnsiY3JlYXRlIjoxODAwMDAwMDAwMDAwLCJkZWxldGUiOjE4MDAwMDAwMDAwMDAsInJlYWQiOjMwMDAwMDAwMDAwMCwidXBkYXRlIjoxODAwMDAwMDAwMDAwfX0=",
          "dependencies": [
            "azurerm_resource_group.example",
            "azurerm_virtual_network.example"
          ]
        }
      ]
    },
    {
      "mode": "managed",
      "type": "azurerm_virtual_network",
      "name": "example",
      "provider": "provider[\"registry.terraform.io/hashicorp/azurerm\"]",
      "instances": [
        {
          "schema_version": 0,
          "attributes": {
            "address_space": [
              "10.0.0.0/16"
            ],
            "bgp_community": "",
            "ddos_protection_plan": [],
            "dns_servers": [],
            "edge_zone": "",
            "encryption": [],
            "flow_timeout_in_minutes": 0,
            "guid": "fa56fd9b-87d4-4ea7-a45e-0e0d78c277b0",
            "id": "/subscriptions/ee293b80-f99f-4e3a-9feb-e180635ebaa5/resourceGroups/rg-ansible-lab/providers/Microsoft.Network/virtualNetworks/example-network",
            "location": "centralindia",
            "name": "example-network",
            "resource_group_name": "rg-ansible-lab",
            "subnet": [],
            "tags": {
              "environment": "Ansible"
            },
            "timeouts": null
          },
          "sensitive_attributes": [],
          "identity_schema_version": 0,
          "private": "eyJlMmJmYjczMC1lY2FhLTExZTYtOGY4OC0zNDM2M2JjN2M0YzAiOnsiY3JlYXRlIjoxODAwMDAwMDAwMDAwLCJkZWxldGUiOjE4MDAwMDAwMDAwMDAsInJlYWQiOjMwMDAwMDAwMDAwMCwidXBkYXRlIjoxODAwMDAwMDAwMDAwfX0=",
          "dependencies": [
            "azurerm_resource_group.example"
          ]
        }
      ]
    }
  ],
  "check_results": null
}
